// !$*UTF8*$!
{
	archiveVersion = 1;
	classes = {
	};
	objectVersion = 46;
	objects = {

/* Begin PBXBuildFile section */
		8661374C1CC62B03004E7B08 /* main.m in Sources */ = {isa = PBXBuildFile; fileRef = 8661374B1CC62B03004E7B08 /* main.m */; };
		8661374F1CC62B03004E7B08 /* AppDelegate.m in Sources */ = {isa = PBXBuildFile; fileRef = 8661374E1CC62B03004E7B08 /* AppDelegate.m */; };
		866137521CC62B03004E7B08 /* ViewController.m in Sources */ = {isa = PBXBuildFile; fileRef = 866137511CC62B03004E7B08 /* ViewController.m */; };
		866137551CC62B03004E7B08 /* Main.storyboard in Resources */ = {isa = PBXBuildFile; fileRef = 866137531CC62B03004E7B08 /* Main.storyboard */; };
		866137571CC62B03004E7B08 /* Assets.xcassets in Resources */ = {isa = PBXBuildFile; fileRef = 866137561CC62B03004E7B08 /* Assets.xcassets */; };
		8661375A1CC62B03004E7B08 /* LaunchScreen.storyboard in Resources */ = {isa = PBXBuildFile; fileRef = 866137581CC62B03004E7B08 /* LaunchScreen.storyboard */; };
		866137631CC62B1B004E7B08 /* MyRect.m in Sources */ = {isa = PBXBuildFile; fileRef = 866137621CC62B1B004E7B08 /* MyRect.m */; };
/* End PBXBuildFile section */

/* Begin PBXFileReference section */
		866137471CC62B03004E7B08 /* testDelegate.app */ = {isa = PBXFileReference; explicitFileType = wrapper.application; includeInIndex = 0; path = testDelegate.app; sourceTree = BUILT_PRODUCTS_DIR; };
		8661374B1CC62B03004E7B08 /* main.m */ = {isa = PBXFileReference; lastKnownFileType = sourcecode.c.objc; path = main.m; sourceTree = "<group>"; };
		8661374D1CC62B03004E7B08 /* AppDelegate.h */ = {isa = PBXFileReference; lastKnownFileType = sourcecode.c.h; path = AppDelegate.h; sourceTree = "<group>"; };
		8661374E1CC62B03004E7B08 /* AppDelegate.m */ = {isa = PBXFileReference; lastKnownFileType = sourcecode.c.objc; path = AppDelegate.m; sourceTree = "<group>"; };
		866137501CC62B03004E7B08 /* ViewController.h */ = {isa = PBXFileReference; lastKnownFileType = sourcecode.c.h; path = ViewController.h; sourceTree = "<group>"; };
		866137511CC62B03004E7B08 /* ViewController.m */ = {isa = PBXFileReference; lastKnownFileType = sourcecode.c.objc; path = ViewController.m; sourceTree = "<group>"; };
		866137541CC62B03004E7B08 /* Base */ = {isa = PBXFileReference; lastKnownFileType = file.storyboard; name = Base; path = Base.lproj/Main.storyboard; sourceTree = "<group>"; };
		866137561CC62B03004E7B08 /* Assets.xcassets */ = {isa = PBXFileReference; lastKnownFileType = folder.assetcatalog; path = Assets.xcassets; sourceTree = "<group>"; };
		866137591CC62B03004E7B08 /* Base */ = {isa = PBXFileReference; lastKnownFileType = file.storyboard; name = Base; path = Base.lproj/LaunchScreen.storyboard; sourceTree = "<group>"; };
		8661375B1CC62B03004E7B08 /* Info.plist */ = {isa = PBXFileReference; lastKnownFileType = text.plist.xml; path = Info.plist; sourceTree = "<group>"; };
		866137611CC62B1B004E7B08 /* MyRect.h */ = {isa = PBXFileReference; fileEncoding = 4; lastKnownFileType = sourcecode.c.h; path = MyRect.h; sourceTree = "<group>"; };
		866137621CC62B1B004E7B08 /* MyRect.m */ = {isa = PBXFileReference; fileEncoding = 4; lastKnownFileType = sourcecode.c.objc; path = MyRect.m; sourceTree = "<group>"; };
/* End PBXFileReference section */

/* Begin PBXFrameworksBuildPhase section */
		866137441CC62B03004E7B08 /* Frameworks */ = {
			isa = PBXFrameworksBuildPhase;
			buildActionMask = 2147483647;
			files = (
			);
			runOnlyForDeploymentPostprocessing = 0;
		};
/* End PBXFrameworksBuildPhase section */

/* Begin PBXGroup section */
		8661373E1CC62B03004E7B08 = {
			isa = PBXGroup;
			children = (
				866137491CC62B03004E7B08 /* testDelegate */,
				866137481CC62B03004E7B08 /* Products */,
			);
			sourceTree = "<group>";
		};
		866137481CC62B03004E7B08 /* Products */ = {
			isa = PBXGroup;
			children = (
				866137471CC62B03004E7B08 /* testDelegate.app */,
			);
			name = Products;
			sourceTree = "<group>";
		};
		866137491CC62B03004E7B08 /* testDelegate */ = {
			isa = PBXGroup;
			children = (
				8661374D1CC62B03004E7B08 /* AppDelegate.h */,
				8661374E1CC62B03004E7B08 /* AppDelegate.m */,
				866137501CC62B03004E7B08 /* ViewController.h */,
				866137511CC62B03004E7B08 /* ViewController.m */,
				866137611CC62B1B004E7B08 /* MyRect.h */,
				866137621CC62B1B004E7B08 /* MyRect.m */,
				866137531CC62B03004E7B08 /* Main.storyboard */,
				866137561CC62B03004E7B08 /* Assets.xcassets */,
				866137581CC62B03004E7B08 /* LaunchScreen.storyboard */,
				8661375B1CC62B03004E7B08 /* Info.plist */,
				8661374A1CC62B03004E7B08 /* Supporting Files */,
			);
			path = testDelegate;
			sourceTree = "<group>";
		};
		8661374A1CC62B03004E7B08 /* Supporting Files */ = {
			isa = PBXGroup;
			children = (
				8661374B1CC62B03004E7B08 /* main.m */,
			);
			name = "Supporting Files";
			sourceTree = "<group>";
		};
/* End PBXGroup section */

/* Begin PBXNativeTarget section */
		866137461CC62B03004E7B08 /* testDelegate */ = {
			isa = PBXNativeTarget;
			buildConfigurationList = 8661375E1CC62B03004E7B08 /* Build configuration list for PBXNativeTarget "testDelegate" */;
			buildPhases = (
				866137431CC62B03004E7B08 /* Sources */,
				866137441CC62B03004E7B08 /* Frameworks */,
				866137451CC62B03004E7B08 /* Resources */,
			);
			buildRules = (
			);
			dependencies = (
			);
			name = testDelegate;
			productName = testDelegate;
			productReference = 866137471CC62B03004E7B08 /* testDelegate.app */;
			productType = "com.apple.product-type.application";
		};
/* End PBXNativeTarget section */

/* Begin PBXProject section */
		8661373F1CC62B03004E7B08 /* Project object */ = {
			isa = PBXProject;
			attributes = {
				LastUpgradeCheck = 0730;
				ORGANIZATIONNAME = "Dmitry Bilienko";
				TargetAttributes = {
					866137461CC62B03004E7B08 = {
						CreatedOnToolsVersion = 7.3;
					};
				};
			};
			buildConfigurationList = 866137421CC62B03004E7B08 /* Build configuration list for PBXProject "testDelegate" */;
			compatibilityVersion = "Xcode 3.2";
			developmentRegion = English;
			hasScannedForEncodings = 0;
			knownRegions = (
				en,
				Base,
			);
			mainGroup = 8661373E1CC62B03004E7B08;
			productRefGroup = 866137481CC62B03004E7B08 /* Products */;
			projectDirPath = "";
			projectRoot = "";
			targets = (
				866137461CC62B03004E7B08 /* testDelegate */,
			);
		};
/* End PBXProject section */

/* Begin PBXResourcesBuildPhase section */
		866137451CC62B03004E7B08 /* Resources */ = {
			isa = PBXResourcesBuildPhase;
			buildActionMask = 2147483647;
			files = (
				8661375A1CC62B03004E7B08 /* LaunchScreen.storyboard in Resources */,
				866137571CC62B03004E7B08 /* Assets.xcassets in Resources */,
				866137551CC62B03004E7B08 /* Main.storyboard in Resources */,
			);
			runOnlyForDeploymentPostprocessing = 0;
		};
/* End PBXResourcesBuildPhase section */

/* Begin PBXSourcesBuildPhase section */
		866137431CC62B03004E7B08 /* Sources */ = {
			isa = PBXSourcesBuildPhase;
			buildActionMask = 2147483647;
			files = (
				866137521CC62B03004E7B08 /* ViewController.m in Sources */,
				8661374F1CC62B03004E7B08 /* AppDelegate.m in Sources */,
				8661374C1CC62B03004E7B08 /* main.m in Sources */,
				866137631CC62B1B004E7B08 /* MyRect.m in Sources */,
			);
			runOnlyForDeploymentPostprocessing = 0;
		};
/* End PBXSourcesBuildPhase section */

/* Begin PBXVariantGroup section */
		866137531CC62B03004E7B08 /* Main.storyboard */ = {
			isa = PBXVariantGroup;
			children = (
				866137541CC62B03004E7B08 /* Base */,
			);
			name = Main.storyboard;
			sourceTree = "<group>";
		};
		866137581CC62B03004E7B08 /* LaunchScreen.storyboard */ = {
			isa = PBXVariantGroup;
			children = (
				866137591CC62B03004E7B08 /* Base */,
			);
			name = LaunchScreen.storyboard;
			sourceTree = "<group>";
		};
/* End PBXVariantGroup section */

/* Begin XCBuildConfiguration section */
		8661375C1CC62B03004E7B08 /* Debug */ = {
			isa = XCBuildConfiguration;
			buildSettings = {
				ALWAYS_SEARCH_USER_PATHS = NO;
				CLANG_ANALYZER_NONNULL = YES;
				CLANG_CXX_LANGUAGE_STANDARD = "gnu++0x";
				CLANG_CXX_LIBRARY = "libc++";
				CLANG_ENABLE_MODULES = YES;
				CLANG_ENABLE_OBJC_ARC = YES;
				CLANG_WARN_BOOL_CONVERSION = YES;
				CLANG_WARN_CONSTANT_CONVERSION = YES;
				CLANG_WARN_DIRECT_OBJC_ISA_USAGE = YES_ERROR;
				CLANG_WARN_EMPTY_BODY = YES;
				CLANG_WARN_ENUM_CONVERSION = YES;
				CLANG_WARN_INT_CONVERSION = YES;
				CLANG_WARN_OBJC_ROOT_CLASS = YES_ERROR;
				CLANG_WARN_UNREACHABLE_CODE = YES;
				CLANG_WARN__DUPLICATE_METHOD_MATCH = YES;
				"CODE_SIGN_IDENTITY[sdk=iphoneos*]" = "iPhone Developer";
				COPY_PHASE_STRIP = NO;
				DEBUG_INFORMATION_FORMAT = dwarf;
				ENABLE_STRICT_OBJC_MSGSEND = YES;
				ENABLE_TESTABILITY = YES;
				GCC_C_LANGUAGE_STANDARD = gnu99;
				GCC_DYNAMIC_NO_PIC = NO;
				GCC_NO_COMMON_BLOCKS = YES;
				GCC_OPTIMIZATION_LEVEL = 0;
				GCC_PREPROCESSOR_DEFINITIONS = (
					"DEBUG=1",
					"$(inherited)",
				);
				GCC_WARN_64_TO_32_BIT_CONVERSION = YES;
				GCC_WARN_ABOUT_RETURN_TYPE = YES_ERROR;
				GCC_WARN_UNDECLARED_SELECTOR = YES;
				GCC_WARN_UNINITIALIZED_AUTOS = YES_AGGRESSIVE;
				GCC_WARN_UNUSED_FUNCTION = YES;
				GCC_WARN_UNUSED_VARIABLE = YES;
				IPHONEOS_DEPLOYMENT_TARGET = 9.3;
				MTL_ENABLE_DEBUG_INFO = YES;
				ONLY_ACTIVE_ARCH = YES;
				SDKROOT = iphoneos;
			};
			name = Debug;
		};
		8661375D1CC62B03004E7B08 /* Release */ = {
			isa = XCBuildConfiguration;
			buildSettings = {
				ALWAYS_SEARCH_USER_PATHS = NO;
				CLANG_ANALYZER_NONNULL = YES;
				CLANG_CXX_LANGUAGE_STANDARD = "gnu++0x";
				CLANG_CXX_LIBRARY = "libc++";
				CLANG_ENABLE_MODULES = YES;
				CLANG_ENABLE_OBJC_ARC = YES;
				CLANG_WARN_BOOL_CONVERSION = YES;
				CLANG_WARN_CONSTANT_CONVERSION = YES;
				CLANG_WARN_DIRECT_OBJC_ISA_USAGE = YES_ERROR;
				CLANG_WARN_EMPTY_BODY = YES;
				CLANG_WARN_ENUM_CONVERSION = YES;
				CLANG_WARN_INT_CONVERSION = YES;
				CLANG_WARN_OBJC_ROOT_CLASS = YES_ERROR;
				CLANG_WARN_UNREACHABLE_CODE = YES;
				CLANG_WARN__DUPLICATE_METHOD_MATCH = YES;
				"CODE_SIGN_IDENTITY[sdk=iphoneos*]" = "iPhone Developer";
				COPY_PHASE_STRIP = NO;
				DEBUG_INFORMATION_FORMAT = "dwarf-with-dsym";
				ENABLE_NS_ASSERTIONS = NO;
				ENABLE_STRICT_OBJC_MSGSEND = YES;
				GCC_C_LANGUAGE_STANDARD = gnu99;
				GCC_NO_COMMON_BLOCKS = YES;
				GCC_WARN_64_TO_32_BIT_CONVERSION = YES;
				GCC_WARN_ABOUT_RETURN_TYPE = YES_ERROR;
				GCC_WARN_UNDECLARED_SELECTOR = YES;
				GCC_WARN_UNINITIALIZED_AUTOS = YES_AGGRESSIVE;
				GCC_WARN_UNUSED_FUNCTION = YES;
				GCC_WARN_UNUSED_VARIABLE = YES;
				IPHONEOS_DEPLOYMENT_TARGET = 9.3;
				MTL_ENABLE_DEBUG_INFO = NO;
				SDKROOT = iphoneos;
				VALIDATE_PRODUCT = YES;
			};
			name = Release;
		};
		8661375F1CC62B03004E7B08 /* Debug */ = {
			isa = XCBuildConfiguration;
			buildSettings = {
				ASSETCATALOG_COMPILER_APPICON_NAME = AppIcon;
				INFOPLIST_FILE = testDelegate/Info.plist;
				LD_RUNPATH_SEARCH_PATHS = "$(inherited) @executable_path/Frameworks";
				PRODUCT_BUNDLE_IDENTIFIER = m.testDelegate;
				PRODUCT_NAME = "$(TARGET_NAME)";
			};
			name = Debug;
		};
		866137601CC62B03004E7B08 /* Release */ = {
			isa = XCBuildConfiguration;
			buildSettings = {
				ASSETCATALOG_COMPILER_APPICON_NAME = AppIcon;
				INFOPLIST_FILE = testDelegate/Info.plist;
				LD_RUNPATH_SEARCH_PATHS = "$(inherited) @executable_path/Frameworks";
				PRODUCT_BUNDLE_IDENTIFIER = m.testDelegate;
				PRODUCT_NAME = "$(TARGET_NAME)";
			};
			name = Release;
		};
/* End XCBuildConfiguration section */

/* Begin XCConfigurationList section */
		866137421CC62B03004E7B08 /* Build configuration list for PBXProject "testDelegate" */ = {
			isa = XCConfigurationList;
			buildConfigurations = (
				8661375C1CC62B03004E7B08 /* Debug */,
				8661375D1CC62B03004E7B08 /* Release */,
			);
			defaultConfigurationIsVisible = 0;
			defaultConfigurationName = Release;
		};
		8661375E1CC62B03004E7B08 /* Build configuration list for PBXNativeTarget "testDelegate" */ = {
			isa = XCConfigurationList;
			buildConfigurations = (
				8661375F1CC62B03004E7B08 /* Debug */,
				866137601CC62B03004E7B08 /* Release */,
			);
			defaultConfigurationIsVisible = 0;
		};
/* End XCConfigurationList section */
	};
	rootObject = 8661373F1CC62B03004E7B08 /* Project object */;
}
